
Microsoft Visual Studio Solution File, Format Version 12.00
# Visual Studio 14
VisualStudioVersion = 14.0.25420.1
MinimumVisualStudioVersion = 10.0.40219.1
Project("{FAE04EC0-301F-11D3-BF4B-00C04F79EFBC}") = "GeneralTestPlatform", "GeneralTestPlatform\GeneralTestPlatform.csproj", "{4F5C91AE-8780-4173-8127-128FAE018985}"
	ProjectSection(ProjectDependencies) = postProject
		{D3CE8395-4134-4C00-9BBE-A1927C329723} = {D3CE8395-4134-4C00-9BBE-A1927C329723}
		{ABCB26AA-CEFD-4168-AF8A-0BE299E7A508} = {ABCB26AA-CEFD-4168-AF8A-0BE299E7A508}
	EndProjectSection
EndProject
Project("{8BC9CEB8-8B4A-11D0-8D11-00A0C91BC942}") = "NurInstrument", "NurInstrument\NurInstrument.vcxproj", "{487C974D-2E3D-4E57-824C-3C23383C3B93}"
EndProject
Project("{8BC9CEB8-8B4A-11D0-8D11-00A0C91BC942}") = "NurDUT", "NurDUT\NurDUT.vcxproj", "{80BF774B-86C9-4FC2-8387-52B002743EAE}"
EndProject
Project("{8BC9CEB8-8B4A-11D0-8D11-00A0C91BC942}") = "NurBLCompTest", "NurBLCompTest\NurBLCompTest.vcxproj", "{ABCB26AA-CEFD-4168-AF8A-0BE299E7A508}"
	ProjectSection(ProjectDependencies) = postProject
		{80BF774B-86C9-4FC2-8387-52B002743EAE} = {80BF774B-86C9-4FC2-8387-52B002743EAE}
		{487C974D-2E3D-4E57-824C-3C23383C3B93} = {487C974D-2E3D-4E57-824C-3C23383C3B93}
	EndProjectSection
EndProject
Project("{8BC9CEB8-8B4A-11D0-8D11-00A0C91BC942}") = "NurBLCal", "NurBLCal\NurBLCal.vcxproj", "{D3CE8395-4134-4C00-9BBE-A1927C329723}"
	ProjectSection(ProjectDependencies) = postProject
		{80BF774B-86C9-4FC2-8387-52B002743EAE} = {80BF774B-86C9-4FC2-8387-52B002743EAE}
		{487C974D-2E3D-4E57-824C-3C23383C3B93} = {487C974D-2E3D-4E57-824C-3C23383C3B93}
	EndProjectSection
EndProject
Global
	GlobalSection(SolutionConfigurationPlatforms) = preSolution
		Debug|Any CPU = Debug|Any CPU
		Debug|ARM = Debug|ARM
		Debug|x64 = Debug|x64
		Debug|x86 = Debug|x86
		Release|Any CPU = Release|Any CPU
		Release|ARM = Release|ARM
		Release|x64 = Release|x64
		Release|x86 = Release|x86
	EndGlobalSection
	GlobalSection(ProjectConfigurationPlatforms) = postSolution
		{4F5C91AE-8780-4173-8127-128FAE018985}.Debug|Any CPU.ActiveCfg = Debug|Any CPU
		{4F5C91AE-8780-4173-8127-128FAE018985}.Debug|Any CPU.Build.0 = Debug|Any CPU
		{4F5C91AE-8780-4173-8127-128FAE018985}.Debug|ARM.ActiveCfg = Debug|Any CPU
		{4F5C91AE-8780-4173-8127-128FAE018985}.Debug|ARM.Build.0 = Debug|Any CPU
		{4F5C91AE-8780-4173-8127-128FAE018985}.Debug|x64.ActiveCfg = Debug|Any CPU
		{4F5C91AE-8780-4173-8127-128FAE018985}.Debug|x64.Build.0 = Debug|Any CPU
		{4F5C91AE-8780-4173-8127-128FAE018985}.Debug|x86.ActiveCfg = Debug|Any CPU
		{4F5C91AE-8780-4173-8127-128FAE018985}.Debug|x86.Build.0 = Debug|Any CPU
		{4F5C91AE-8780-4173-8127-128FAE018985}.Release|Any CPU.ActiveCfg = Release|Any CPU
		{4F5C91AE-8780-4173-8127-128FAE018985}.Release|Any CPU.Build.0 = Release|Any CPU
		{4F5C91AE-8780-4173-8127-128FAE018985}.Release|ARM.ActiveCfg = Release|Any CPU
		{4F5C91AE-8780-4173-8127-128FAE018985}.Release|ARM.Build.0 = Release|Any CPU
		{4F5C91AE-8780-4173-8127-128FAE018985}.Release|x64.ActiveCfg = Release|Any CPU
		{4F5C91AE-8780-4173-8127-128FAE018985}.Release|x64.Build.0 = Release|Any CPU
		{4F5C91AE-8780-4173-8127-128FAE018985}.Release|x86.ActiveCfg = Release|Any CPU
		{4F5C91AE-8780-4173-8127-128FAE018985}.Release|x86.Build.0 = Release|Any CPU
		{487C974D-2E3D-4E57-824C-3C23383C3B93}.Debug|Any CPU.ActiveCfg = Debug|Win32
		{487C974D-2E3D-4E57-824C-3C23383C3B93}.Debug|Any CPU.Build.0 = Debug|Win32
		{487C974D-2E3D-4E57-824C-3C23383C3B93}.Debug|ARM.ActiveCfg = Debug|Win32
		{487C974D-2E3D-4E57-824C-3C23383C3B93}.Debug|x64.ActiveCfg = Debug|x64
		{487C974D-2E3D-4E57-824C-3C23383C3B93}.Debug|x64.Build.0 = Debug|x64
		{487C974D-2E3D-4E57-824C-3C23383C3B93}.Debug|x86.ActiveCfg = Debug|Win32
		{487C974D-2E3D-4E57-824C-3C23383C3B93}.Debug|x86.Build.0 = Debug|Win32
		{487C974D-2E3D-4E57-824C-3C23383C3B93}.Release|Any CPU.ActiveCfg = Release|Win32
		{487C974D-2E3D-4E57-824C-3C23383C3B93}.Release|ARM.ActiveCfg = Release|Win32
		{487C974D-2E3D-4E57-824C-3C23383C3B93}.Release|x64.ActiveCfg = Release|x64
		{487C974D-2E3D-4E57-824C-3C23383C3B93}.Release|x64.Build.0 = Release|x64
		{487C974D-2E3D-4E57-824C-3C23383C3B93}.Release|x86.ActiveCfg = Release|Win32
		{487C974D-2E3D-4E57-824C-3C23383C3B93}.Release|x86.Build.0 = Release|Win32
		{80BF774B-86C9-4FC2-8387-52B002743EAE}.Debug|Any CPU.ActiveCfg = Debug|Win32
		{80BF774B-86C9-4FC2-8387-52B002743EAE}.Debug|Any CPU.Build.0 = Debug|Win32
		{80BF774B-86C9-4FC2-8387-52B002743EAE}.Debug|ARM.ActiveCfg = Debug|Win32
		{80BF774B-86C9-4FC2-8387-52B002743EAE}.Debug|x64.ActiveCfg = Debug|x64
		{80BF774B-86C9-4FC2-8387-52B002743EAE}.Debug|x64.Build.0 = Debug|x64
		{80BF774B-86C9-4FC2-8387-52B002743EAE}.Debug|x86.ActiveCfg = Debug|Win32
		{80BF774B-86C9-4FC2-8387-52B002743EAE}.Debug|x86.Build.0 = Debug|Win32
		{80BF774B-86C9-4FC2-8387-52B002743EAE}.Release|Any CPU.ActiveCfg = Release|Win32
		{80BF774B-86C9-4FC2-8387-52B002743EAE}.Release|ARM.ActiveCfg = Release|Win32
		{80BF774B-86C9-4FC2-8387-52B002743EAE}.Release|x64.ActiveCfg = Release|x64
		{80BF774B-86C9-4FC2-8387-52B002743EAE}.Release|x64.Build.0 = Release|x64
		{80BF774B-86C9-4FC2-8387-52B002743EAE}.Release|x86.ActiveCfg = Release|Win32
		{80BF774B-86C9-4FC2-8387-52B002743EAE}.Release|x86.Build.0 = Release|Win32
		{ABCB26AA-CEFD-4168-AF8A-0BE299E7A508}.Debug|Any CPU.ActiveCfg = Debug|Win32
		{ABCB26AA-CEFD-4168-AF8A-0BE299E7A508}.Debug|Any CPU.Build.0 = Debug|Win32
		{ABCB26AA-CEFD-4168-AF8A-0BE299E7A508}.Debug|ARM.ActiveCfg = Debug|Win32
		{ABCB26AA-CEFD-4168-AF8A-0BE299E7A508}.Debug|x64.ActiveCfg = Debug|x64
		{ABCB26AA-CEFD-4168-AF8A-0BE299E7A508}.Debug|x64.Build.0 = Debug|x64
		{ABCB26AA-CEFD-4168-AF8A-0BE299E7A508}.Debug|x86.ActiveCfg = Debug|Win32
		{ABCB26AA-CEFD-4168-AF8A-0BE299E7A508}.Debug|x86.Build.0 = Debug|Win32
		{ABCB26AA-CEFD-4168-AF8A-0BE299E7A508}.Release|Any CPU.ActiveCfg = Release|Win32
		{ABCB26AA-CEFD-4168-AF8A-0BE299E7A508}.Release|ARM.ActiveCfg = Release|Win32
		{ABCB26AA-CEFD-4168-AF8A-0BE299E7A508}.Release|x64.ActiveCfg = Release|x64
		{ABCB26AA-CEFD-4168-AF8A-0BE299E7A508}.Release|x64.Build.0 = Release|x64
		{ABCB26AA-CEFD-4168-AF8A-0BE299E7A508}.Release|x86.ActiveCfg = Release|Win32
		{ABCB26AA-CEFD-4168-AF8A-0BE299E7A508}.Release|x86.Build.0 = Release|Win32
		{D3CE8395-4134-4C00-9BBE-A1927C329723}.Debug|Any CPU.ActiveCfg = Debug|Win32
		{D3CE8395-4134-4C00-9BBE-A1927C329723}.Debug|Any CPU.Build.0 = Debug|Win32
		{D3CE8395-4134-4C00-9BBE-A1927C329723}.Debug|ARM.ActiveCfg = Debug|Win32
		{D3CE8395-4134-4C00-9BBE-A1927C329723}.Debug|x64.ActiveCfg = Debug|x64
		{D3CE8395-4134-4C00-9BBE-A1927C329723}.Debug|x64.Build.0 = Debug|x64
		{D3CE8395-4134-4C00-9BBE-A1927C329723}.Debug|x86.ActiveCfg = Debug|Win32
		{D3CE8395-4134-4C00-9BBE-A1927C329723}.Debug|x86.Build.0 = Debug|Win32
		{D3CE8395-4134-4C00-9BBE-A1927C329723}.Release|Any CPU.ActiveCfg = Release|Win32
		{D3CE8395-4134-4C00-9BBE-A1927C329723}.Release|ARM.ActiveCfg = Release|Win32
		{D3CE8395-4134-4C00-9BBE-A1927C329723}.Release|x64.ActiveCfg = Release|x64
		{D3CE8395-4134-4C00-9BBE-A1927C329723}.Release|x64.Build.0 = Release|x64
		{D3CE8395-4134-4C00-9BBE-A1927C329723}.Release|x86.ActiveCfg = Release|Win32
		{D3CE8395-4134-4C00-9BBE-A1927C329723}.Release|x86.Build.0 = Release|Win32
	EndGlobalSection
	GlobalSection(SolutionProperties) = preSolution
		HideSolutionNode = FALSE
	EndGlobalSection
EndGlobal
